// !$*UTF8*$!
{
	archiveVersion = 1;
	classes = {
	};
	objectVersion = 46;
	objects = {

/* Begin PBXBuildFile section */
		D61365081BDF887600160650 /* main.m in Sources */ = {isa = PBXBuildFile; fileRef = D61365071BDF887600160650 /* main.m */; };
		D613650B1BDF887600160650 /* AppDelegate.m in Sources */ = {isa = PBXBuildFile; fileRef = D613650A1BDF887600160650 /* AppDelegate.m */; };
		D613650E1BDF887600160650 /* ViewController.m in Sources */ = {isa = PBXBuildFile; fileRef = D613650D1BDF887600160650 /* ViewController.m */; };
		D61365111BDF887600160650 /* Main.storyboard in Resources */ = {isa = PBXBuildFile; fileRef = D613650F1BDF887600160650 /* Main.storyboard */; };
		D61365131BDF887600160650 /* Assets.xcassets in Resources */ = {isa = PBXBuildFile; fileRef = D61365121BDF887600160650 /* Assets.xcassets */; };
		D61365161BDF887600160650 /* LaunchScreen.storyboard in Resources */ = {isa = PBXBuildFile; fileRef = D61365141BDF887600160650 /* LaunchScreen.storyboard */; };
		D61365241BDF88B400160650 /* TPCPopView.m in Sources */ = {isa = PBXBuildFile; fileRef = D61365231BDF88B400160650 /* TPCPopView.m */; };
/* End PBXBuildFile section */

/* Begin PBXFileReference section */
		D61365031BDF887600160650 /* TPCPopView.app */ = {isa = PBXFileReference; explicitFileType = wrapper.application; includeInIndex = 0; path = TPCPopView.app; sourceTree = BUILT_PRODUCTS_DIR; };
		D61365071BDF887600160650 /* main.m */ = {isa = PBXFileReference; lastKnownFileType = sourcecode.c.objc; path = main.m; sourceTree = "<group>"; };
		D61365091BDF887600160650 /* AppDelegate.h */ = {isa = PBXFileReference; lastKnownFileType = sourcecode.c.h; path = AppDelegate.h; sourceTree = "<group>"; };
		D613650A1BDF887600160650 /* AppDelegate.m */ = {isa = PBXFileReference; lastKnownFileType = sourcecode.c.objc; path = AppDelegate.m; sourceTree = "<group>"; };
		D613650C1BDF887600160650 /* ViewController.h */ = {isa = PBXFileReference; lastKnownFileType = sourcecode.c.h; path = ViewController.h; sourceTree = "<group>"; };
		D613650D1BDF887600160650 /* ViewController.m */ = {isa = PBXFileReference; lastKnownFileType = sourcecode.c.objc; path = ViewController.m; sourceTree = "<group>"; };
		D61365101BDF887600160650 /* Base */ = {isa = PBXFileReference; lastKnownFileType = file.storyboard; name = Base; path = Base.lproj/Main.storyboard; sourceTree = "<group>"; };
		D61365121BDF887600160650 /* Assets.xcassets */ = {isa = PBXFileReference; lastKnownFileType = folder.assetcatalog; path = Assets.xcassets; sourceTree = "<group>"; };
		D61365151BDF887600160650 /* Base */ = {isa = PBXFileReference; lastKnownFileType = file.storyboard; name = Base; path = Base.lproj/LaunchScreen.storyboard; sourceTree = "<group>"; };
		D61365171BDF887600160650 /* Info.plist */ = {isa = PBXFileReference; lastKnownFileType = text.plist.xml; path = Info.plist; sourceTree = "<group>"; };
		D61365221BDF88B400160650 /* TPCPopView.h */ = {isa = PBXFileReference; fileEncoding = 4; lastKnownFileType = sourcecode.c.h; path = TPCPopView.h; sourceTree = "<group>"; };
		D61365231BDF88B400160650 /* TPCPopView.m */ = {isa = PBXFileReference; fileEncoding = 4; lastKnownFileType = sourcecode.c.objc; path = TPCPopView.m; sourceTree = "<group>"; };
/* End PBXFileReference section */

/* Begin PBXFrameworksBuildPhase section */
		D61365001BDF887600160650 /* Frameworks */ = {
			isa = PBXFrameworksBuildPhase;
			buildActionMask = 2147483647;
			files = (
			);
			runOnlyForDeploymentPostprocessing = 0;
		};
/* End PBXFrameworksBuildPhase section */

/* Begin PBXGroup section */
		D61364FA1BDF887600160650 = {
			isa = PBXGroup;
			children = (
				D61365051BDF887600160650 /* TPCPopView */,
				D61365041BDF887600160650 /* Products */,
			);
			sourceTree = "<group>";
		};
		D61365041BDF887600160650 /* Products */ = {
			isa = PBXGroup;
			children = (
				D61365031BDF887600160650 /* TPCPopView.app */,
			);
			name = Products;
			sourceTree = "<group>";
		};
		D61365051BDF887600160650 /* TPCPopView */ = {
			isa = PBXGroup;
			children = (
				D61365211BDF88B400160650 /* TPCPopView */,
				D61365091BDF887600160650 /* AppDelegate.h */,
				D613650A1BDF887600160650 /* AppDelegate.m */,
				D613650C1BDF887600160650 /* ViewController.h */,
				D613650D1BDF887600160650 /* ViewController.m */,
				D613650F1BDF887600160650 /* Main.storyboard */,
				D61365121BDF887600160650 /* Assets.xcassets */,
				D61365141BDF887600160650 /* LaunchScreen.storyboard */,
				D61365171BDF887600160650 /* Info.plist */,
				D61365061BDF887600160650 /* Supporting Files */,
			);
			path = TPCPopView;
			sourceTree = "<group>";
		};
		D61365061BDF887600160650 /* Supporting Files */ = {
			isa = PBXGroup;
			children = (
				D61365071BDF887600160650 /* main.m */,
			);
			name = "Supporting Files";
			sourceTree = "<group>";
		};
		D61365211BDF88B400160650 /* TPCPopView */ = {
			isa = PBXGroup;
			children = (
				D61365221BDF88B400160650 /* TPCPopView.h */,
				D61365231BDF88B400160650 /* TPCPopView.m */,
			);
			path = TPCPopView;
			sourceTree = "<group>";
		};
/* End PBXGroup section */

/* Begin PBXNativeTarget section */
		D61365021BDF887600160650 /* TPCPopView */ = {
			isa = PBXNativeTarget;
			buildConfigurationList = D613651A1BDF887600160650 /* Build configuration list for PBXNativeTarget "TPCPopView" */;
			buildPhases = (
				D61364FF1BDF887600160650 /* Sources */,
				D61365001BDF887600160650 /* Frameworks */,
				D61365011BDF887600160650 /* Resources */,
			);
			buildRules = (
			);
			dependencies = (
			);
			name = TPCPopView;
			productName = TPCPopView;
			productReference = D61365031BDF887600160650 /* TPCPopView.app */;
			productType = "com.apple.product-type.application";
		};
/* End PBXNativeTarget section */

/* Begin PBXProject section */
		D61364FB1BDF887600160650 /* Project object */ = {
			isa = PBXProject;
			attributes = {
				LastUpgradeCheck = 0710;
				ORGANIZATIONNAME = tripleCC;
				TargetAttributes = {
					D61365021BDF887600160650 = {
						CreatedOnToolsVersion = 7.1;
					};
				};
			};
			buildConfigurationList = D61364FE1BDF887600160650 /* Build configuration list for PBXProject "TPCPopView" */;
			compatibilityVersion = "Xcode 3.2";
			developmentRegion = English;
			hasScannedForEncodings = 0;
			knownRegions = (
				en,
				Base,
			);
			mainGroup = D61364FA1BDF887600160650;
			productRefGroup = D61365041BDF887600160650 /* Products */;
			projectDirPath = "";
			projectRoot = "";
			targets = (
				D61365021BDF887600160650 /* TPCPopView */,
			);
		};
/* End PBXProject section */

/* Begin PBXResourcesBuildPhase section */
		D61365011BDF887600160650 /* Resources */ = {
			isa = PBXResourcesBuildPhase;
			buildActionMask = 2147483647;
			files = (
				D61365161BDF887600160650 /* LaunchScreen.storyboard in Resources */,
				D61365131BDF887600160650 /* Assets.xcassets in Resources */,
				D61365111BDF887600160650 /* Main.storyboard in Resources */,
			);
			runOnlyForDeploymentPostprocessing = 0;
		};
/* End PBXResourcesBuildPhase section */

/* Begin PBXSourcesBuildPhase section */
		D61364FF1BDF887600160650 /* Sources */ = {
			isa = PBXSourcesBuildPhase;
			buildActionMask = 2147483647;
			files = (
				D61365241BDF88B400160650 /* TPCPopView.m in Sources */,
				D613650E1BDF887600160650 /* ViewController.m in Sources */,
				D613650B1BDF887600160650 /* AppDelegate.m in Sources */,
				D61365081BDF887600160650 /* main.m in Sources */,
			);
			runOnlyForDeploymentPostprocessing = 0;
		};
/* End PBXSourcesBuildPhase section */

/* Begin PBXVariantGroup section */
		D613650F1BDF887600160650 /* Main.storyboard */ = {
			isa = PBXVariantGroup;
			children = (
				D61365101BDF887600160650 /* Base */,
			);
			name = Main.storyboard;
			sourceTree = "<group>";
		};
		D61365141BDF887600160650 /* LaunchScreen.storyboard */ = {
			isa = PBXVariantGroup;
			children = (
				D61365151BDF887600160650 /* Base */,
			);
			name = LaunchScreen.storyboard;
			sourceTree = "<group>";
		};
/* End PBXVariantGroup section */

/* Begin XCBuildConfiguration section */
		D61365181BDF887600160650 /* Debug */ = {
			isa = XCBuildConfiguration;
			buildSettings = {
				ALWAYS_SEARCH_USER_PATHS = NO;
				CLANG_CXX_LANGUAGE_STANDARD = "gnu++0x";
				CLANG_CXX_LIBRARY = "libc++";
				CLANG_ENABLE_MODULES = YES;
				CLANG_ENABLE_OBJC_ARC = YES;
				CLANG_WARN_BOOL_CONVERSION = YES;
				CLANG_WARN_CONSTANT_CONVERSION = YES;
				CLANG_WARN_DIRECT_OBJC_ISA_USAGE = YES_ERROR;
				CLANG_WARN_EMPTY_BODY = YES;
				CLANG_WARN_ENUM_CONVERSION = YES;
				CLANG_WARN_INT_CONVERSION = YES;
				CLANG_WARN_OBJC_ROOT_CLASS = YES_ERROR;
				CLANG_WARN_UNREACHABLE_CODE = YES;
				CLANG_WARN__DUPLICATE_METHOD_MATCH = YES;
				"CODE_SIGN_IDENTITY[sdk=iphoneos*]" = "iPhone Developer";
				COPY_PHASE_STRIP = NO;
				DEBUG_INFORMATION_FORMAT = dwarf;
				ENABLE_STRICT_OBJC_MSGSEND = YES;
				ENABLE_TESTABILITY = YES;
				GCC_C_LANGUAGE_STANDARD = gnu99;
				GCC_DYNAMIC_NO_PIC = NO;
				GCC_NO_COMMON_BLOCKS = YES;
				GCC_OPTIMIZATION_LEVEL = 0;
				GCC_PREPROCESSOR_DEFINITIONS = (
					"DEBUG=1",
					"$(inherited)",
				);
				GCC_WARN_64_TO_32_BIT_CONVERSION = YES;
				GCC_WARN_ABOUT_RETURN_TYPE = YES_ERROR;
				GCC_WARN_UNDECLARED_SELECTOR = YES;
				GCC_WARN_UNINITIALIZED_AUTOS = YES_AGGRESSIVE;
				GCC_WARN_UNUSED_FUNCTION = YES;
				GCC_WARN_UNUSED_VARIABLE = YES;
				IPHONEOS_DEPLOYMENT_TARGET = 9.1;
				MTL_ENABLE_DEBUG_INFO = YES;
				ONLY_ACTIVE_ARCH = YES;
				SDKROOT = iphoneos;
			};
			name = Debug;
		};
		D61365191BDF887600160650 /* Release */ = {
			isa = XCBuildConfiguration;
			buildSettings = {
				ALWAYS_SEARCH_USER_PATHS = NO;
				CLANG_CXX_LANGUAGE_STANDARD = "gnu++0x";
				CLANG_CXX_LIBRARY = "libc++";
				CLANG_ENABLE_MODULES = YES;
				CLANG_ENABLE_OBJC_ARC = YES;
				CLANG_WARN_BOOL_CONVERSION = YES;
				CLANG_WARN_CONSTANT_CONVERSION = YES;
				CLANG_WARN_DIRECT_OBJC_ISA_USAGE = YES_ERROR;
				CLANG_WARN_EMPTY_BODY = YES;
				CLANG_WARN_ENUM_CONVERSION = YES;
				CLANG_WARN_INT_CONVERSION = YES;
				CLANG_WARN_OBJC_ROOT_CLASS = YES_ERROR;
				CLANG_WARN_UNREACHABLE_CODE = YES;
				CLANG_WARN__DUPLICATE_METHOD_MATCH = YES;
				"CODE_SIGN_IDENTITY[sdk=iphoneos*]" = "iPhone Developer";
				COPY_PHASE_STRIP = NO;
				DEBUG_INFORMATION_FORMAT = "dwarf-with-dsym";
				ENABLE_NS_ASSERTIONS = NO;
				ENABLE_STRICT_OBJC_MSGSEND = YES;
				GCC_C_LANGUAGE_STANDARD = gnu99;
				GCC_NO_COMMON_BLOCKS = YES;
				GCC_WARN_64_TO_32_BIT_CONVERSION = YES;
				GCC_WARN_ABOUT_RETURN_TYPE = YES_ERROR;
				GCC_WARN_UNDECLARED_SELECTOR = YES;
				GCC_WARN_UNINITIALIZED_AUTOS = YES_AGGRESSIVE;
				GCC_WARN_UNUSED_FUNCTION = YES;
				GCC_WARN_UNUSED_VARIABLE = YES;
				IPHONEOS_DEPLOYMENT_TARGET = 9.1;
				MTL_ENABLE_DEBUG_INFO = NO;
				SDKROOT = iphoneos;
				VALIDATE_PRODUCT = YES;
			};
			name = Release;
		};
		D613651B1BDF887600160650 /* Debug */ = {
			isa = XCBuildConfiguration;
			buildSettings = {
				ASSETCATALOG_COMPILER_APPICON_NAME = AppIcon;
				INFOPLIST_FILE = TPCPopView/Info.plist;
				LD_RUNPATH_SEARCH_PATHS = "$(inherited) @executable_path/Frameworks";
				PRODUCT_BUNDLE_IDENTIFIER = com.triplec.TPCPopView;
				PRODUCT_NAME = "$(TARGET_NAME)";
			};
			name = Debug;
		};
		D613651C1BDF887600160650 /* Release */ = {
			isa = XCBuildConfiguration;
			buildSettings = {
				ASSETCATALOG_COMPILER_APPICON_NAME = AppIcon;
				INFOPLIST_FILE = TPCPopView/Info.plist;
				LD_RUNPATH_SEARCH_PATHS = "$(inherited) @executable_path/Frameworks";
				PRODUCT_BUNDLE_IDENTIFIER = com.triplec.TPCPopView;
				PRODUCT_NAME = "$(TARGET_NAME)";
			};
			name = Release;
		};
/* End XCBuildConfiguration section */

/* Begin XCConfigurationList section */
		D61364FE1BDF887600160650 /* Build configuration list for PBXProject "TPCPopView" */ = {
			isa = XCConfigurationList;
			buildConfigurations = (
				D61365181BDF887600160650 /* Debug */,
				D61365191BDF887600160650 /* Release */,
			);
			defaultConfigurationIsVisible = 0;
			defaultConfigurationName = Release;
		};
		D613651A1BDF887600160650 /* Build configuration list for PBXNativeTarget "TPCPopView" */ = {
			isa = XCConfigurationList;
			buildConfigurations = (
				D613651B1BDF887600160650 /* Debug */,
				D613651C1BDF887600160650 /* Release */,
			);
			defaultConfigurationIsVisible = 0;
		};
/* End XCConfigurationList section */
	};
	rootObject = D61364FB1BDF887600160650 /* Project object */;
}
